
Microsoft Visual Studio Solution File, Format Version 12.00
# Visual Studio Version 16
VisualStudioVersion = 16.0.31424.327
MinimumVisualStudioVersion = 10.0.40219.1
Project("{9A19103F-16F7-4668-BE54-9A1E7A4F7556}") = "GeoAPI", "GeoAPI\GeoAPI.csproj", "{ABDDBD5F-0D57-4C12-80CA-5321C1ACF76C}"
EndProject
Project("{9A19103F-16F7-4668-BE54-9A1E7A4F7556}") = "Domain", "Domain\Domain.csproj", "{B9C41111-E1E9-4E98-A55B-7524BACABAAF}"
EndProject
Project("{9A19103F-16F7-4668-BE54-9A1E7A4F7556}") = "Infrastructure", "Infrastructure\Infrastructure.csproj", "{1C92FE9B-4B1E-4671-A340-85EEC6C934A7}"
EndProject
Project("{FAE04EC0-301F-11D3-BF4B-00C04F79EFBC}") = "Aplicacion", "Aplicacion\Aplicacion.csproj", "{254AF4AA-1F1C-48D7-B1B9-D7742CEAF422}"
EndProject
Global
	GlobalSection(SolutionConfigurationPlatforms) = preSolution
		Debug|Any CPU = Debug|Any CPU
		Release|Any CPU = Release|Any CPU
	EndGlobalSection
	GlobalSection(ProjectConfigurationPlatforms) = postSolution
		{ABDDBD5F-0D57-4C12-80CA-5321C1ACF76C}.Debug|Any CPU.ActiveCfg = Debug|Any CPU
		{ABDDBD5F-0D57-4C12-80CA-5321C1ACF76C}.Debug|Any CPU.Build.0 = Debug|Any CPU
		{ABDDBD5F-0D57-4C12-80CA-5321C1ACF76C}.Release|Any CPU.ActiveCfg = Release|Any CPU
		{ABDDBD5F-0D57-4C12-80CA-5321C1ACF76C}.Release|Any CPU.Build.0 = Release|Any CPU
		{B9C41111-E1E9-4E98-A55B-7524BACABAAF}.Debug|Any CPU.ActiveCfg = Debug|Any CPU
		{B9C41111-E1E9-4E98-A55B-7524BACABAAF}.Debug|Any CPU.Build.0 = Debug|Any CPU
		{B9C41111-E1E9-4E98-A55B-7524BACABAAF}.Release|Any CPU.ActiveCfg = Release|Any CPU
		{B9C41111-E1E9-4E98-A55B-7524BACABAAF}.Release|Any CPU.Build.0 = Release|Any CPU
		{1C92FE9B-4B1E-4671-A340-85EEC6C934A7}.Debug|Any CPU.ActiveCfg = Debug|Any CPU
		{1C92FE9B-4B1E-4671-A340-85EEC6C934A7}.Debug|Any CPU.Build.0 = Debug|Any CPU
		{1C92FE9B-4B1E-4671-A340-85EEC6C934A7}.Release|Any CPU.ActiveCfg = Release|Any CPU
		{1C92FE9B-4B1E-4671-A340-85EEC6C934A7}.Release|Any CPU.Build.0 = Release|Any CPU
		{254AF4AA-1F1C-48D7-B1B9-D7742CEAF422}.Debug|Any CPU.ActiveCfg = Debug|Any CPU
		{254AF4AA-1F1C-48D7-B1B9-D7742CEAF422}.Debug|Any CPU.Build.0 = Debug|Any CPU
		{254AF4AA-1F1C-48D7-B1B9-D7742CEAF422}.Release|Any CPU.ActiveCfg = Release|Any CPU
		{254AF4AA-1F1C-48D7-B1B9-D7742CEAF422}.Release|Any CPU.Build.0 = Release|Any CPU
	EndGlobalSection
	GlobalSection(SolutionProperties) = preSolution
		HideSolutionNode = FALSE
	EndGlobalSection
	GlobalSection(ExtensibilityGlobals) = postSolution
		SolutionGuid = {34853B2C-3D66-47B8-95DD-23D3A5A7DC96}
	EndGlobalSection
EndGlobal
